<Solution>
  <Folder Name="/apps/" />
  <Folder Name="/apps/api/">
    <Project Path="apps/api/SlackApp.Api.csproj" />
  </Folder>
  <Folder Name="/src/" />
  <Folder Name="/src/Modules/" />
  <Folder Name="/src/Modules/Contacts/">
    <Project Path="src/Modules/Contacts/SlackApp.Modules.Contacts.csproj" />
  </Folder>
  <Folder Name="/src/Modules/Identity/">
    <Project Path="src/Modules/Identity/SlackApp.Modules.Identity.csproj" />
  </Folder>
  <Folder Name="/src/Modules/Messaging/">
    <Project Path="src/Modules/Messaging/SlackApp.Modules.Messaging.csproj" />
  </Folder>
  <Folder Name="/src/Modules/Presence/">
    <Project Path="src/Modules/Presence/SlackApp.Modules.Presence.csproj" />
  </Folder>
  <Folder Name="/src/Modules/Rooms/">
    <Project Path="src/Modules/Rooms/SlackApp.Modules.Rooms.csproj" />
  </Folder>
  <Folder Name="/src/Modules/Sessions/">
    <Project Path="src/Modules/Sessions/SlackApp.Modules.Sessions.csproj" />
  </Folder>
  <Folder Name="/tests/" />
  <Folder Name="/tests/integration/" />
  <Folder Name="/tests/integration/SlackApp.Api.IntegrationTests/">
    <Project Path="tests/integration/SlackApp.Api.IntegrationTests/SlackApp.Api.IntegrationTests.csproj" />
  </Folder>
</Solution>
